
Microsoft Visual Studio Solution File, Format Version 12.00
# Visual Studio Version 17
VisualStudioVersion = 17.5.002.0
MinimumVisualStudioVersion = 10.0.40219.1
Project("{2150E333-8FDC-42A3-9474-1A3956D46DE8}") = "csharp-prep", "csharp-prep", "{CA4D1D43-1758-4D9B-A244-ED162C9F57BC}"
EndProject
Project("{9A19103F-16F7-4668-BE54-9A1E7A4F7556}") = "Prep1", "csharp-prep\Prep1\Prep1.csproj", "{C129A778-4B6A-45EC-8D2A-782346FDE81B}"
EndProject
Project("{9A19103F-16F7-4668-BE54-9A1E7A4F7556}") = "Prep2", "csharp-prep\Prep2\Prep2.csproj", "{CADB5270-A3FC-42BE-BDB0-C161C503C0A7}"
EndProject
Project("{9A19103F-16F7-4668-BE54-9A1E7A4F7556}") = "Prep3", "csharp-prep\Prep3\Prep3.csproj", "{13251B88-36EC-42CB-895F-BCAB6C48FACE}"
EndProject
Project("{9A19103F-16F7-4668-BE54-9A1E7A4F7556}") = "Prep4", "csharp-prep\Prep4\Prep4.csproj", "{62BAE573-60EA-42D6-8631-BCD7289275AD}"
EndProject
Project("{9A19103F-16F7-4668-BE54-9A1E7A4F7556}") = "Prep5", "csharp-prep\Prep5\Prep5.csproj", "{526FBADD-FAB9-4AF4-8097-5896A989AAB5}"
EndProject
Project("{2150E333-8FDC-42A3-9474-1A3956D46DE8}") = "final", "final", "{B0BAA1EA-C968-44AE-9F44-64C88D608D6A}"
EndProject
Project("{9A19103F-16F7-4668-BE54-9A1E7A4F7556}") = "FinalProject", "final\FinalProject\FinalProject.csproj", "{C78E50BE-57A3-48F0-81E6-632A814FDE5E}"
EndProject
Project("{9A19103F-16F7-4668-BE54-9A1E7A4F7556}") = "Foundation1", "final\Foundation1\Foundation1.csproj", "{8B3B68C7-B268-4373-9FB9-885825923063}"
EndProject
Project("{9A19103F-16F7-4668-BE54-9A1E7A4F7556}") = "Foundation2", "final\Foundation2\Foundation2.csproj", "{BAE3E0D1-1A18-4EE3-90D2-4FFE9E0732D1}"
EndProject
Project("{9A19103F-16F7-4668-BE54-9A1E7A4F7556}") = "Foundation3", "final\Foundation3\Foundation3.csproj", "{42C7FB75-8EA5-467D-98AB-134710141C09}"
EndProject
Project("{9A19103F-16F7-4668-BE54-9A1E7A4F7556}") = "Foundation4", "final\Foundation4\Foundation4.csproj", "{91274525-BF8D-45F2-B276-8A7FDE57F854}"
EndProject
Project("{2150E333-8FDC-42A3-9474-1A3956D46DE8}") = "prepare", "prepare", "{66FCB5D9-E4CD-44DD-9440-3E165956C703}"
EndProject
Project("{9A19103F-16F7-4668-BE54-9A1E7A4F7556}") = "Learning02", "prepare\Learning02\Learning02.csproj", "{11F4EC8A-A19D-4CAD-849E-1724381C8CC7}"
EndProject
Project("{9A19103F-16F7-4668-BE54-9A1E7A4F7556}") = "Learning03", "prepare\Learning03\Learning03.csproj", "{B2E2B5B4-046B-4CBE-8A65-1489BE4A4FCF}"
EndProject
Project("{9A19103F-16F7-4668-BE54-9A1E7A4F7556}") = "Learning04", "prepare\Learning04\Learning04.csproj", "{083427EE-E430-4DD3-8ACA-66AE0EAFEA58}"
EndProject
Project("{9A19103F-16F7-4668-BE54-9A1E7A4F7556}") = "Learning05", "prepare\Learning05\Learning05.csproj", "{EA1CC932-8F1B-467C-9F0B-4970E455FBB2}"
EndProject
Project("{2150E333-8FDC-42A3-9474-1A3956D46DE8}") = "prove", "prove", "{E5AE6A5C-52B9-4945-BEAD-3331AEAE7E24}"
EndProject
Project("{9A19103F-16F7-4668-BE54-9A1E7A4F7556}") = "Develop02", "prove\Develop02\Develop02.csproj", "{9863AE4A-0D28-40F7-AC87-765933369073}"
EndProject
Project("{9A19103F-16F7-4668-BE54-9A1E7A4F7556}") = "Develop03", "prove\Develop03\Develop03.csproj", "{949E35FE-3BDC-4166-B997-A5E7EC78DD6F}"
EndProject
Project("{9A19103F-16F7-4668-BE54-9A1E7A4F7556}") = "Develop04", "prove\Develop04\Develop04.csproj", "{7DA9205F-78DF-4C0C-BA94-F1CE8AF35438}"
EndProject
Project("{9A19103F-16F7-4668-BE54-9A1E7A4F7556}") = "Develop05", "prove\Develop05\Develop05.csproj", "{0845F455-03B5-4D9F-B645-C532D6D1BCAD}"
EndProject
Project("{2150E333-8FDC-42A3-9474-1A3956D46DE8}") = "sandbox", "sandbox", "{1681345B-6C49-4323-B879-20DF5A154B69}"
EndProject
Project("{9A19103F-16F7-4668-BE54-9A1E7A4F7556}") = "Sandbox", "sandbox\Sandbox\Sandbox.csproj", "{1E99B07D-C640-488D-A08C-BB0E4B5BDD7B}"
EndProject
Global
	GlobalSection(SolutionConfigurationPlatforms) = preSolution
		Debug|Any CPU = Debug|Any CPU
		Release|Any CPU = Release|Any CPU
	EndGlobalSection
	GlobalSection(ProjectConfigurationPlatforms) = postSolution
		{C129A778-4B6A-45EC-8D2A-782346FDE81B}.Debug|Any CPU.ActiveCfg = Debug|Any CPU
		{C129A778-4B6A-45EC-8D2A-782346FDE81B}.Debug|Any CPU.Build.0 = Debug|Any CPU
		{C129A778-4B6A-45EC-8D2A-782346FDE81B}.Release|Any CPU.ActiveCfg = Release|Any CPU
		{C129A778-4B6A-45EC-8D2A-782346FDE81B}.Release|Any CPU.Build.0 = Release|Any CPU
		{CADB5270-A3FC-42BE-BDB0-C161C503C0A7}.Debug|Any CPU.ActiveCfg = Debug|Any CPU
		{CADB5270-A3FC-42BE-BDB0-C161C503C0A7}.Debug|Any CPU.Build.0 = Debug|Any CPU
		{CADB5270-A3FC-42BE-BDB0-C161C503C0A7}.Release|Any CPU.ActiveCfg = Release|Any CPU
		{CADB5270-A3FC-42BE-BDB0-C161C503C0A7}.Release|Any CPU.Build.0 = Release|Any CPU
		{13251B88-36EC-42CB-895F-BCAB6C48FACE}.Debug|Any CPU.ActiveCfg = Debug|Any CPU
		{13251B88-36EC-42CB-895F-BCAB6C48FACE}.Debug|Any CPU.Build.0 = Debug|Any CPU
		{13251B88-36EC-42CB-895F-BCAB6C48FACE}.Release|Any CPU.ActiveCfg = Release|Any CPU
		{13251B88-36EC-42CB-895F-BCAB6C48FACE}.Release|Any CPU.Build.0 = Release|Any CPU
		{62BAE573-60EA-42D6-8631-BCD7289275AD}.Debug|Any CPU.ActiveCfg = Debug|Any CPU
		{62BAE573-60EA-42D6-8631-BCD7289275AD}.Debug|Any CPU.Build.0 = Debug|Any CPU
		{62BAE573-60EA-42D6-8631-BCD7289275AD}.Release|Any CPU.ActiveCfg = Release|Any CPU
		{62BAE573-60EA-42D6-8631-BCD7289275AD}.Release|Any CPU.Build.0 = Release|Any CPU
		{526FBADD-FAB9-4AF4-8097-5896A989AAB5}.Debug|Any CPU.ActiveCfg = Debug|Any CPU
		{526FBADD-FAB9-4AF4-8097-5896A989AAB5}.Debug|Any CPU.Build.0 = Debug|Any CPU
		{526FBADD-FAB9-4AF4-8097-5896A989AAB5}.Release|Any CPU.ActiveCfg = Release|Any CPU
		{526FBADD-FAB9-4AF4-8097-5896A989AAB5}.Release|Any CPU.Build.0 = Release|Any CPU
		{C78E50BE-57A3-48F0-81E6-632A814FDE5E}.Debug|Any CPU.ActiveCfg = Debug|Any CPU
		{C78E50BE-57A3-48F0-81E6-632A814FDE5E}.Debug|Any CPU.Build.0 = Debug|Any CPU
		{C78E50BE-57A3-48F0-81E6-632A814FDE5E}.Release|Any CPU.ActiveCfg = Release|Any CPU
		{C78E50BE-57A3-48F0-81E6-632A814FDE5E}.Release|Any CPU.Build.0 = Release|Any CPU
		{8B3B68C7-B268-4373-9FB9-885825923063}.Debug|Any CPU.ActiveCfg = Debug|Any CPU
		{8B3B68C7-B268-4373-9FB9-885825923063}.Debug|Any CPU.Build.0 = Debug|Any CPU
		{8B3B68C7-B268-4373-9FB9-885825923063}.Release|Any CPU.ActiveCfg = Release|Any CPU
		{8B3B68C7-B268-4373-9FB9-885825923063}.Release|Any CPU.Build.0 = Release|Any CPU
		{BAE3E0D1-1A18-4EE3-90D2-4FFE9E0732D1}.Debug|Any CPU.ActiveCfg = Debug|Any CPU
		{BAE3E0D1-1A18-4EE3-90D2-4FFE9E0732D1}.Debug|Any CPU.Build.0 = Debug|Any CPU
		{BAE3E0D1-1A18-4EE3-90D2-4FFE9E0732D1}.Release|Any CPU.ActiveCfg = Release|Any CPU
		{BAE3E0D1-1A18-4EE3-90D2-4FFE9E0732D1}.Release|Any CPU.Build.0 = Release|Any CPU
		{42C7FB75-8EA5-467D-98AB-134710141C09}.Debug|Any CPU.ActiveCfg = Debug|Any CPU
		{42C7FB75-8EA5-467D-98AB-134710141C09}.Debug|Any CPU.Build.0 = Debug|Any CPU
		{42C7FB75-8EA5-467D-98AB-134710141C09}.Release|Any CPU.ActiveCfg = Release|Any CPU
		{42C7FB75-8EA5-467D-98AB-134710141C09}.Release|Any CPU.Build.0 = Release|Any CPU
		{91274525-BF8D-45F2-B276-8A7FDE57F854}.Debug|Any CPU.ActiveCfg = Debug|Any CPU
		{91274525-BF8D-45F2-B276-8A7FDE57F854}.Debug|Any CPU.Build.0 = Debug|Any CPU
		{91274525-BF8D-45F2-B276-8A7FDE57F854}.Release|Any CPU.ActiveCfg = Release|Any CPU
		{91274525-BF8D-45F2-B276-8A7FDE57F854}.Release|Any CPU.Build.0 = Release|Any CPU
		{11F4EC8A-A19D-4CAD-849E-1724381C8CC7}.Debug|Any CPU.ActiveCfg = Debug|Any CPU
		{11F4EC8A-A19D-4CAD-849E-1724381C8CC7}.Debug|Any CPU.Build.0 = Debug|Any CPU
		{11F4EC8A-A19D-4CAD-849E-1724381C8CC7}.Release|Any CPU.ActiveCfg = Release|Any CPU
		{11F4EC8A-A19D-4CAD-849E-1724381C8CC7}.Release|Any CPU.Build.0 = Release|Any CPU
		{B2E2B5B4-046B-4CBE-8A65-1489BE4A4FCF}.Debug|Any CPU.ActiveCfg = Debug|Any CPU
		{B2E2B5B4-046B-4CBE-8A65-1489BE4A4FCF}.Debug|Any CPU.Build.0 = Debug|Any CPU
		{B2E2B5B4-046B-4CBE-8A65-1489BE4A4FCF}.Release|Any CPU.ActiveCfg = Release|Any CPU
		{B2E2B5B4-046B-4CBE-8A65-1489BE4A4FCF}.Release|Any CPU.Build.0 = Release|Any CPU
		{083427EE-E430-4DD3-8ACA-66AE0EAFEA58}.Debug|Any CPU.ActiveCfg = Debug|Any CPU
		{083427EE-E430-4DD3-8ACA-66AE0EAFEA58}.Debug|Any CPU.Build.0 = Debug|Any CPU
		{083427EE-E430-4DD3-8ACA-66AE0EAFEA58}.Release|Any CPU.ActiveCfg = Release|Any CPU
		{083427EE-E430-4DD3-8ACA-66AE0EAFEA58}.Release|Any CPU.Build.0 = Release|Any CPU
		{EA1CC932-8F1B-467C-9F0B-4970E455FBB2}.Debug|Any CPU.ActiveCfg = Debug|Any CPU
		{EA1CC932-8F1B-467C-9F0B-4970E455FBB2}.Debug|Any CPU.Build.0 = Debug|Any CPU
		{EA1CC932-8F1B-467C-9F0B-4970E455FBB2}.Release|Any CPU.ActiveCfg = Release|Any CPU
		{EA1CC932-8F1B-467C-9F0B-4970E455FBB2}.Release|Any CPU.Build.0 = Release|Any CPU
		{9863AE4A-0D28-40F7-AC87-765933369073}.Debug|Any CPU.ActiveCfg = Debug|Any CPU
		{9863AE4A-0D28-40F7-AC87-765933369073}.Debug|Any CPU.Build.0 = Debug|Any CPU
		{9863AE4A-0D28-40F7-AC87-765933369073}.Release|Any CPU.ActiveCfg = Release|Any CPU
		{9863AE4A-0D28-40F7-AC87-765933369073}.Release|Any CPU.Build.0 = Release|Any CPU
		{949E35FE-3BDC-4166-B997-A5E7EC78DD6F}.Debug|Any CPU.ActiveCfg = Debug|Any CPU
		{949E35FE-3BDC-4166-B997-A5E7EC78DD6F}.Debug|Any CPU.Build.0 = Debug|Any CPU
		{949E35FE-3BDC-4166-B997-A5E7EC78DD6F}.Release|Any CPU.ActiveCfg = Release|Any CPU
		{949E35FE-3BDC-4166-B997-A5E7EC78DD6F}.Release|Any CPU.Build.0 = Release|Any CPU
		{7DA9205F-78DF-4C0C-BA94-F1CE8AF35438}.Debug|Any CPU.ActiveCfg = Debug|Any CPU
		{7DA9205F-78DF-4C0C-BA94-F1CE8AF35438}.Debug|Any CPU.Build.0 = Debug|Any CPU
		{7DA9205F-78DF-4C0C-BA94-F1CE8AF35438}.Release|Any CPU.ActiveCfg = Release|Any CPU
		{7DA9205F-78DF-4C0C-BA94-F1CE8AF35438}.Release|Any CPU.Build.0 = Release|Any CPU
		{0845F455-03B5-4D9F-B645-C532D6D1BCAD}.Debug|Any CPU.ActiveCfg = Debug|Any CPU
		{0845F455-03B5-4D9F-B645-C532D6D1BCAD}.Debug|Any CPU.Build.0 = Debug|Any CPU
		{0845F455-03B5-4D9F-B645-C532D6D1BCAD}.Release|Any CPU.ActiveCfg = Release|Any CPU
		{0845F455-03B5-4D9F-B645-C532D6D1BCAD}.Release|Any CPU.Build.0 = Release|Any CPU
		{1E99B07D-C640-488D-A08C-BB0E4B5BDD7B}.Debug|Any CPU.ActiveCfg = Debug|Any CPU
		{1E99B07D-C640-488D-A08C-BB0E4B5BDD7B}.Debug|Any CPU.Build.0 = Debug|Any CPU
		{1E99B07D-C640-488D-A08C-BB0E4B5BDD7B}.Release|Any CPU.ActiveCfg = Release|Any CPU
		{1E99B07D-C640-488D-A08C-BB0E4B5BDD7B}.Release|Any CPU.Build.0 = Release|Any CPU
	EndGlobalSection
	GlobalSection(SolutionProperties) = preSolution
		HideSolutionNode = FALSE
	EndGlobalSection
	GlobalSection(NestedProjects) = preSolution
		{C129A778-4B6A-45EC-8D2A-782346FDE81B} = {CA4D1D43-1758-4D9B-A244-ED162C9F57BC}
		{CADB5270-A3FC-42BE-BDB0-C161C503C0A7} = {CA4D1D43-1758-4D9B-A244-ED162C9F57BC}
		{13251B88-36EC-42CB-895F-BCAB6C48FACE} = {CA4D1D43-1758-4D9B-A244-ED162C9F57BC}
		{62BAE573-60EA-42D6-8631-BCD7289275AD} = {CA4D1D43-1758-4D9B-A244-ED162C9F57BC}
		{526FBADD-FAB9-4AF4-8097-5896A989AAB5} = {CA4D1D43-1758-4D9B-A244-ED162C9F57BC}
		{C78E50BE-57A3-48F0-81E6-632A814FDE5E} = {B0BAA1EA-C968-44AE-9F44-64C88D608D6A}
		{8B3B68C7-B268-4373-9FB9-885825923063} = {B0BAA1EA-C968-44AE-9F44-64C88D608D6A}
		{BAE3E0D1-1A18-4EE3-90D2-4FFE9E0732D1} = {B0BAA1EA-C968-44AE-9F44-64C88D608D6A}
		{42C7FB75-8EA5-467D-98AB-134710141C09} = {B0BAA1EA-C968-44AE-9F44-64C88D608D6A}
		{91274525-BF8D-45F2-B276-8A7FDE57F854} = {B0BAA1EA-C968-44AE-9F44-64C88D608D6A}
		{11F4EC8A-A19D-4CAD-849E-1724381C8CC7} = {66FCB5D9-E4CD-44DD-9440-3E165956C703}
		{B2E2B5B4-046B-4CBE-8A65-1489BE4A4FCF} = {66FCB5D9-E4CD-44DD-9440-3E165956C703}
		{083427EE-E430-4DD3-8ACA-66AE0EAFEA58} = {66FCB5D9-E4CD-44DD-9440-3E165956C703}
		{EA1CC932-8F1B-467C-9F0B-4970E455FBB2} = {66FCB5D9-E4CD-44DD-9440-3E165956C703}
		{9863AE4A-0D28-40F7-AC87-765933369073} = {E5AE6A5C-52B9-4945-BEAD-3331AEAE7E24}
		{949E35FE-3BDC-4166-B997-A5E7EC78DD6F} = {E5AE6A5C-52B9-4945-BEAD-3331AEAE7E24}
		{7DA9205F-78DF-4C0C-BA94-F1CE8AF35438} = {E5AE6A5C-52B9-4945-BEAD-3331AEAE7E24}
		{0845F455-03B5-4D9F-B645-C532D6D1BCAD} = {E5AE6A5C-52B9-4945-BEAD-3331AEAE7E24}
		{1E99B07D-C640-488D-A08C-BB0E4B5BDD7B} = {1681345B-6C49-4323-B879-20DF5A154B69}
	EndGlobalSection
	GlobalSection(ExtensibilityGlobals) = postSolution
		SolutionGuid = {794E4CDB-8A56-4F1A-8CDD-7D4C2E924CD7}
	EndGlobalSection
EndGlobal
